
Microsoft Visual Studio Solution File, Format Version 12.00
# Visual Studio Version 17
VisualStudioVersion = 17.4.33403.182
MinimumVisualStudioVersion = 10.0.40219.1
Project("{E53339B2-1760-4266-BCC7-CA923CBCF16C}") = "docker-compose", "docker-compose.dcproj", "{EB2CEEA8-8CD5-4A57-B35D-B9F973BAFEA3}"
EndProject
Project("{2150E333-8FDC-42A3-9474-1A3956D46DE8}") = "Application", "Application", "{2861FB9C-54BA-4570-B588-9A986A34D393}"
EndProject
Project("{2150E333-8FDC-42A3-9474-1A3956D46DE8}") = "Domain", "Domain", "{54F52334-3660-4762-824B-7E301E9DE96D}"
EndProject
Project("{2150E333-8FDC-42A3-9474-1A3956D46DE8}") = "Infrastructure", "Infrastructure", "{95BE9F27-6317-416C-843E-5D26845131D7}"
EndProject
Project("{2150E333-8FDC-42A3-9474-1A3956D46DE8}") = "Presentation", "Presentation", "{4B9CC1B5-EDF4-482F-92D7-CAFA222F3164}"
EndProject
Project("{9A19103F-16F7-4668-BE54-9A1E7A4F7556}") = "Timereporting.Web", "Solution\Source\Presentation\Timereporting.Web\Timereporting.Web.csproj", "{C4347C0B-1C9F-4996-81C4-413E672792CA}"
EndProject
Project("{9A19103F-16F7-4668-BE54-9A1E7A4F7556}") = "Timereporting.Api", "Solution\Source\Presentation\Timereporting.API\Timereporting.Api.csproj", "{74E41D7E-993E-4461-90CF-84BCE178F526}"
EndProject
Project("{2150E333-8FDC-42A3-9474-1A3956D46DE8}") = "Interaction", "Interaction", "{3FF790DA-CDA3-4D55-9F2A-C74BAA2007EB}"
EndProject
Project("{9A19103F-16F7-4668-BE54-9A1E7A4F7556}") = "Timereporting.Infrastructure.Persistence", "Solution\Source\Infrastructure\Timereporting.Infrastructure.Persistence\Timereporting.Infrastructure.Persistence.csproj", "{755B9228-7F09-47E9-8F8D-CD3CDE0CC66C}"
EndProject
Project("{9A19103F-16F7-4668-BE54-9A1E7A4F7556}") = "Timereporting.Infrastructure.Repositories", "Solution\Source\Infrastructure\Timereporting.Infrastructure.Repositories\Timereporting.Infrastructure.Repositories.csproj", "{91BC0A5E-D710-4394-91AB-24FA72B72FF1}"
EndProject
Project("{9A19103F-16F7-4668-BE54-9A1E7A4F7556}") = "Timereporting.Domain.Repositories", "Solution\Source\Domain\Timereporting.Domain.Repositories\Timereporting.Domain.Repositories.csproj", "{7F48FFC1-F247-4650-BAAA-2376693ECBEC}"
EndProject
Project("{9A19103F-16F7-4668-BE54-9A1E7A4F7556}") = "Timereporting.Domain.Services", "Solution\Source\Domain\Timereporting.Domain.Services\Timereporting.Domain.Services.csproj", "{E56B7C1F-A7C5-453D-94D3-8D36B52FEB9C}"
EndProject
Project("{9A19103F-16F7-4668-BE54-9A1E7A4F7556}") = "Timereporting.Application.Services", "Solution\Source\Application\Timereporting.Application.Services\Timereporting.Application.Services.csproj", "{A239C47E-6A6E-4211-BC1F-2482A0DEAEBB}"
EndProject
Project("{9A19103F-16F7-4668-BE54-9A1E7A4F7556}") = "Timereporting.UI", "Solution\Source\Presentation\Timereporting.UI\Timereporting.UI.csproj", "{1A801F5B-56CC-461C-9069-0361499080FD}"
EndProject
Project("{9A19103F-16F7-4668-BE54-9A1E7A4F7556}") = "Timereporting.Interaction.DataTransfer", "Solution\Source\Interaction\Timereporting.Interaction.DataTransfer\Timereporting.Interaction.DataTransfer.csproj", "{99B40C8F-4541-47EA-A3EC-185BFF4B9041}"
EndProject
Project("{9A19103F-16F7-4668-BE54-9A1E7A4F7556}") = "Timereporting.Domain.Entities", "Solution\Source\Domain\Timereporting.Domain.Entities\Timereporting.Domain.Entities.csproj", "{E728AFD3-8B49-4128-96E1-E75250D7F407}"
EndProject
Project("{9A19103F-16F7-4668-BE54-9A1E7A4F7556}") = "Timereporting.Application.Automapper", "Solution\Source\Application\Timereporting.Application.Automapper\Timereporting.Application.Automapper.csproj", "{FD55851D-DB67-4310-A2B8-46C917029056}"
EndProject
Global
	GlobalSection(SolutionConfigurationPlatforms) = preSolution
		Debug|Any CPU = Debug|Any CPU
		Release|Any CPU = Release|Any CPU
	EndGlobalSection
	GlobalSection(ProjectConfigurationPlatforms) = postSolution
		{EB2CEEA8-8CD5-4A57-B35D-B9F973BAFEA3}.Debug|Any CPU.ActiveCfg = Debug|Any CPU
		{EB2CEEA8-8CD5-4A57-B35D-B9F973BAFEA3}.Debug|Any CPU.Build.0 = Debug|Any CPU
		{EB2CEEA8-8CD5-4A57-B35D-B9F973BAFEA3}.Release|Any CPU.ActiveCfg = Release|Any CPU
		{EB2CEEA8-8CD5-4A57-B35D-B9F973BAFEA3}.Release|Any CPU.Build.0 = Release|Any CPU
		{C4347C0B-1C9F-4996-81C4-413E672792CA}.Debug|Any CPU.ActiveCfg = Debug|Any CPU
		{C4347C0B-1C9F-4996-81C4-413E672792CA}.Debug|Any CPU.Build.0 = Debug|Any CPU
		{C4347C0B-1C9F-4996-81C4-413E672792CA}.Release|Any CPU.ActiveCfg = Release|Any CPU
		{C4347C0B-1C9F-4996-81C4-413E672792CA}.Release|Any CPU.Build.0 = Release|Any CPU
		{74E41D7E-993E-4461-90CF-84BCE178F526}.Debug|Any CPU.ActiveCfg = Debug|Any CPU
		{74E41D7E-993E-4461-90CF-84BCE178F526}.Debug|Any CPU.Build.0 = Debug|Any CPU
		{74E41D7E-993E-4461-90CF-84BCE178F526}.Release|Any CPU.ActiveCfg = Release|Any CPU
		{74E41D7E-993E-4461-90CF-84BCE178F526}.Release|Any CPU.Build.0 = Release|Any CPU
		{755B9228-7F09-47E9-8F8D-CD3CDE0CC66C}.Debug|Any CPU.ActiveCfg = Debug|Any CPU
		{755B9228-7F09-47E9-8F8D-CD3CDE0CC66C}.Debug|Any CPU.Build.0 = Debug|Any CPU
		{755B9228-7F09-47E9-8F8D-CD3CDE0CC66C}.Release|Any CPU.ActiveCfg = Release|Any CPU
		{755B9228-7F09-47E9-8F8D-CD3CDE0CC66C}.Release|Any CPU.Build.0 = Release|Any CPU
		{91BC0A5E-D710-4394-91AB-24FA72B72FF1}.Debug|Any CPU.ActiveCfg = Debug|Any CPU
		{91BC0A5E-D710-4394-91AB-24FA72B72FF1}.Debug|Any CPU.Build.0 = Debug|Any CPU
		{91BC0A5E-D710-4394-91AB-24FA72B72FF1}.Release|Any CPU.ActiveCfg = Release|Any CPU
		{91BC0A5E-D710-4394-91AB-24FA72B72FF1}.Release|Any CPU.Build.0 = Release|Any CPU
		{7F48FFC1-F247-4650-BAAA-2376693ECBEC}.Debug|Any CPU.ActiveCfg = Debug|Any CPU
		{7F48FFC1-F247-4650-BAAA-2376693ECBEC}.Debug|Any CPU.Build.0 = Debug|Any CPU
		{7F48FFC1-F247-4650-BAAA-2376693ECBEC}.Release|Any CPU.ActiveCfg = Release|Any CPU
		{7F48FFC1-F247-4650-BAAA-2376693ECBEC}.Release|Any CPU.Build.0 = Release|Any CPU
		{E56B7C1F-A7C5-453D-94D3-8D36B52FEB9C}.Debug|Any CPU.ActiveCfg = Debug|Any CPU
		{E56B7C1F-A7C5-453D-94D3-8D36B52FEB9C}.Debug|Any CPU.Build.0 = Debug|Any CPU
		{E56B7C1F-A7C5-453D-94D3-8D36B52FEB9C}.Release|Any CPU.ActiveCfg = Release|Any CPU
		{E56B7C1F-A7C5-453D-94D3-8D36B52FEB9C}.Release|Any CPU.Build.0 = Release|Any CPU
		{A239C47E-6A6E-4211-BC1F-2482A0DEAEBB}.Debug|Any CPU.ActiveCfg = Debug|Any CPU
		{A239C47E-6A6E-4211-BC1F-2482A0DEAEBB}.Debug|Any CPU.Build.0 = Debug|Any CPU
		{A239C47E-6A6E-4211-BC1F-2482A0DEAEBB}.Release|Any CPU.ActiveCfg = Release|Any CPU
		{A239C47E-6A6E-4211-BC1F-2482A0DEAEBB}.Release|Any CPU.Build.0 = Release|Any CPU
		{1A801F5B-56CC-461C-9069-0361499080FD}.Debug|Any CPU.ActiveCfg = Debug|Any CPU
		{1A801F5B-56CC-461C-9069-0361499080FD}.Debug|Any CPU.Build.0 = Debug|Any CPU
		{1A801F5B-56CC-461C-9069-0361499080FD}.Release|Any CPU.ActiveCfg = Release|Any CPU
		{1A801F5B-56CC-461C-9069-0361499080FD}.Release|Any CPU.Build.0 = Release|Any CPU
		{99B40C8F-4541-47EA-A3EC-185BFF4B9041}.Debug|Any CPU.ActiveCfg = Debug|Any CPU
		{99B40C8F-4541-47EA-A3EC-185BFF4B9041}.Debug|Any CPU.Build.0 = Debug|Any CPU
		{99B40C8F-4541-47EA-A3EC-185BFF4B9041}.Release|Any CPU.ActiveCfg = Release|Any CPU
		{99B40C8F-4541-47EA-A3EC-185BFF4B9041}.Release|Any CPU.Build.0 = Release|Any CPU
		{E728AFD3-8B49-4128-96E1-E75250D7F407}.Debug|Any CPU.ActiveCfg = Debug|Any CPU
		{E728AFD3-8B49-4128-96E1-E75250D7F407}.Debug|Any CPU.Build.0 = Debug|Any CPU
		{E728AFD3-8B49-4128-96E1-E75250D7F407}.Release|Any CPU.ActiveCfg = Release|Any CPU
		{E728AFD3-8B49-4128-96E1-E75250D7F407}.Release|Any CPU.Build.0 = Release|Any CPU
		{FD55851D-DB67-4310-A2B8-46C917029056}.Debug|Any CPU.ActiveCfg = Debug|Any CPU
		{FD55851D-DB67-4310-A2B8-46C917029056}.Debug|Any CPU.Build.0 = Debug|Any CPU
		{FD55851D-DB67-4310-A2B8-46C917029056}.Release|Any CPU.ActiveCfg = Release|Any CPU
		{FD55851D-DB67-4310-A2B8-46C917029056}.Release|Any CPU.Build.0 = Release|Any CPU
	EndGlobalSection
	GlobalSection(SolutionProperties) = preSolution
		HideSolutionNode = FALSE
	EndGlobalSection
	GlobalSection(NestedProjects) = preSolution
		{C4347C0B-1C9F-4996-81C4-413E672792CA} = {4B9CC1B5-EDF4-482F-92D7-CAFA222F3164}
		{74E41D7E-993E-4461-90CF-84BCE178F526} = {4B9CC1B5-EDF4-482F-92D7-CAFA222F3164}
		{755B9228-7F09-47E9-8F8D-CD3CDE0CC66C} = {95BE9F27-6317-416C-843E-5D26845131D7}
		{91BC0A5E-D710-4394-91AB-24FA72B72FF1} = {95BE9F27-6317-416C-843E-5D26845131D7}
		{7F48FFC1-F247-4650-BAAA-2376693ECBEC} = {54F52334-3660-4762-824B-7E301E9DE96D}
		{E56B7C1F-A7C5-453D-94D3-8D36B52FEB9C} = {54F52334-3660-4762-824B-7E301E9DE96D}
		{A239C47E-6A6E-4211-BC1F-2482A0DEAEBB} = {2861FB9C-54BA-4570-B588-9A986A34D393}
		{1A801F5B-56CC-461C-9069-0361499080FD} = {4B9CC1B5-EDF4-482F-92D7-CAFA222F3164}
		{99B40C8F-4541-47EA-A3EC-185BFF4B9041} = {3FF790DA-CDA3-4D55-9F2A-C74BAA2007EB}
		{E728AFD3-8B49-4128-96E1-E75250D7F407} = {54F52334-3660-4762-824B-7E301E9DE96D}
		{FD55851D-DB67-4310-A2B8-46C917029056} = {2861FB9C-54BA-4570-B588-9A986A34D393}
	EndGlobalSection
	GlobalSection(ExtensibilityGlobals) = postSolution
		SolutionGuid = {E5FF67B6-90D4-4B14-92FF-0D7461B3BB2B}
	EndGlobalSection
EndGlobal
